
Microsoft Visual Studio Solution File, Format Version 12.00
# Visual Studio Version 17
VisualStudioVersion = 17.9.34728.123
MinimumVisualStudioVersion = 10.0.40219.1
Project("{9A19103F-16F7-4668-BE54-9A1E7A4F7556}") = "SpaceBattle", "ConsoleApp1\SpaceBattle.csproj", "{0CF8C83C-9831-4D4E-AE9A-BC98F7D09A89}"
EndProject
Project("{9A19103F-16F7-4668-BE54-9A1E7A4F7556}") = "Tests", "ConsoleApp1Tests\Tests.csproj", "{2AB31105-F2C1-4B94-86AD-36A4EA130D11}"
EndProject
Project("{9A19103F-16F7-4668-BE54-9A1E7A4F7556}") = "scopes", "scopes\scopes.csproj", "{5EA8849F-4066-4A93-B9BC-16AE5D53628F}"
EndProject
Project("{9A19103F-16F7-4668-BE54-9A1E7A4F7556}") = "commands", "commands\commands.csproj", "{B79DC004-9C04-476A-9DD1-EAA1674E24C7}"
EndProject
Project("{9A19103F-16F7-4668-BE54-9A1E7A4F7556}") = "factory", "factory\factory.csproj", "{BB9304DA-2CA3-409B-8FB2-44FEEB87A690}"
EndProject
Project("{9A19103F-16F7-4668-BE54-9A1E7A4F7556}") = "generators", "generators\generators.csproj", "{D213CF07-F492-43A0-A7F1-F4D518E71CEE}"
EndProject
Global
	GlobalSection(SolutionConfigurationPlatforms) = preSolution
		Debug|Any CPU = Debug|Any CPU
		Release|Any CPU = Release|Any CPU
	EndGlobalSection
	GlobalSection(ProjectConfigurationPlatforms) = postSolution
		{0CF8C83C-9831-4D4E-AE9A-BC98F7D09A89}.Debug|Any CPU.ActiveCfg = Debug|Any CPU
		{0CF8C83C-9831-4D4E-AE9A-BC98F7D09A89}.Debug|Any CPU.Build.0 = Debug|Any CPU
		{0CF8C83C-9831-4D4E-AE9A-BC98F7D09A89}.Release|Any CPU.ActiveCfg = Release|Any CPU
		{0CF8C83C-9831-4D4E-AE9A-BC98F7D09A89}.Release|Any CPU.Build.0 = Release|Any CPU
		{2AB31105-F2C1-4B94-86AD-36A4EA130D11}.Debug|Any CPU.ActiveCfg = Debug|Any CPU
		{2AB31105-F2C1-4B94-86AD-36A4EA130D11}.Debug|Any CPU.Build.0 = Debug|Any CPU
		{2AB31105-F2C1-4B94-86AD-36A4EA130D11}.Release|Any CPU.ActiveCfg = Release|Any CPU
		{2AB31105-F2C1-4B94-86AD-36A4EA130D11}.Release|Any CPU.Build.0 = Release|Any CPU
		{5EA8849F-4066-4A93-B9BC-16AE5D53628F}.Debug|Any CPU.ActiveCfg = Debug|Any CPU
		{5EA8849F-4066-4A93-B9BC-16AE5D53628F}.Debug|Any CPU.Build.0 = Debug|Any CPU
		{5EA8849F-4066-4A93-B9BC-16AE5D53628F}.Release|Any CPU.ActiveCfg = Release|Any CPU
		{5EA8849F-4066-4A93-B9BC-16AE5D53628F}.Release|Any CPU.Build.0 = Release|Any CPU
		{B79DC004-9C04-476A-9DD1-EAA1674E24C7}.Debug|Any CPU.ActiveCfg = Debug|Any CPU
		{B79DC004-9C04-476A-9DD1-EAA1674E24C7}.Debug|Any CPU.Build.0 = Debug|Any CPU
		{B79DC004-9C04-476A-9DD1-EAA1674E24C7}.Release|Any CPU.ActiveCfg = Release|Any CPU
		{B79DC004-9C04-476A-9DD1-EAA1674E24C7}.Release|Any CPU.Build.0 = Release|Any CPU
		{BB9304DA-2CA3-409B-8FB2-44FEEB87A690}.Debug|Any CPU.ActiveCfg = Debug|Any CPU
		{BB9304DA-2CA3-409B-8FB2-44FEEB87A690}.Debug|Any CPU.Build.0 = Debug|Any CPU
		{BB9304DA-2CA3-409B-8FB2-44FEEB87A690}.Release|Any CPU.ActiveCfg = Release|Any CPU
		{BB9304DA-2CA3-409B-8FB2-44FEEB87A690}.Release|Any CPU.Build.0 = Release|Any CPU
		{D213CF07-F492-43A0-A7F1-F4D518E71CEE}.Debug|Any CPU.ActiveCfg = Debug|Any CPU
		{D213CF07-F492-43A0-A7F1-F4D518E71CEE}.Debug|Any CPU.Build.0 = Debug|Any CPU
		{D213CF07-F492-43A0-A7F1-F4D518E71CEE}.Release|Any CPU.ActiveCfg = Release|Any CPU
		{D213CF07-F492-43A0-A7F1-F4D518E71CEE}.Release|Any CPU.Build.0 = Release|Any CPU
	EndGlobalSection
	GlobalSection(SolutionProperties) = preSolution
		HideSolutionNode = FALSE
	EndGlobalSection
	GlobalSection(ExtensibilityGlobals) = postSolution
		SolutionGuid = {7AA23C10-A7DE-4F2A-9DDE-FA7E5B2FEEBD}
	EndGlobalSection
EndGlobal
